
Microsoft Visual Studio Solution File, Format Version 12.00
# Visual Studio Version 17
VisualStudioVersion = 17.2.32630.192
MinimumVisualStudioVersion = 10.0.40219.1
Project("{FAE04EC0-301F-11D3-BF4B-00C04F79EFBC}") = "BeeEngineering", "BeeEngineering\BeeEngineering.csproj", "{99CE4D01-528F-42AF-A522-BA36C685A51E}"
EndProject
Global
	GlobalSection(SolutionConfigurationPlatforms) = preSolution
		Debug|Any CPU = Debug|Any CPU
		Release|Any CPU = Release|Any CPU
	EndGlobalSection
	GlobalSection(ProjectConfigurationPlatforms) = postSolution
		{99CE4D01-528F-42AF-A522-BA36C685A51E}.Debug|Any CPU.ActiveCfg = Debug|Any CPU
		{99CE4D01-528F-42AF-A522-BA36C685A51E}.Debug|Any CPU.Build.0 = Debug|Any CPU
		{99CE4D01-528F-42AF-A522-BA36C685A51E}.Release|Any CPU.ActiveCfg = Release|Any CPU
		{99CE4D01-528F-42AF-A522-BA36C685A51E}.Release|Any CPU.Build.0 = Release|Any CPU
	EndGlobalSection
	GlobalSection(SolutionProperties) = preSolution
		HideSolutionNode = FALSE
	EndGlobalSection
	GlobalSection(ExtensibilityGlobals) = postSolution
		SolutionGuid = {0541532F-13A9-4DB4-8DEB-718111B3F9CB}
	EndGlobalSection
EndGlobal
